# This file is autogenerated, do not edit; changes may be undone by the next 'dep ensure'.


[[projects]]
  name = "github.com/go-ini/ini"
  packages = ["."]
  revision = "c85607071cf08ca1adaf48319cd1aa322e81d8c1"
  version = "v1.42.0"

[solve-meta]
  analyzer-name = "dep"
  analyzer-version = 1
  inputs-digest = "3e79c6ab0abbcfc5b592f035edbdffd0f80043ecf330d3a982466f001ea254a3"
  solver-name = "gps-cdcl"
  solver-version = 1
